
Microsoft Visual Studio Solution File, Format Version 12.00
# Visual Studio Version 17
VisualStudioVersion = 17.3.32929.385
MinimumVisualStudioVersion = 10.0.40219.1
Project("{FAE04EC0-301F-11D3-BF4B-00C04F79EFBC}") = "Mirza_Andrei_Lab1", "Mirza_Andrei_Lab1\Mirza_Andrei_Lab1.csproj", "{30B4BDE7-8908-4BEC-A890-1FA5401CA35F}"
EndProject
Global
	GlobalSection(SolutionConfigurationPlatforms) = preSolution
		Debug|Any CPU = Debug|Any CPU
		Release|Any CPU = Release|Any CPU
	EndGlobalSection
	GlobalSection(ProjectConfigurationPlatforms) = postSolution
		{30B4BDE7-8908-4BEC-A890-1FA5401CA35F}.Debug|Any CPU.ActiveCfg = Debug|Any CPU
		{30B4BDE7-8908-4BEC-A890-1FA5401CA35F}.Debug|Any CPU.Build.0 = Debug|Any CPU
		{30B4BDE7-8908-4BEC-A890-1FA5401CA35F}.Release|Any CPU.ActiveCfg = Release|Any CPU
		{30B4BDE7-8908-4BEC-A890-1FA5401CA35F}.Release|Any CPU.Build.0 = Release|Any CPU
	EndGlobalSection
	GlobalSection(SolutionProperties) = preSolution
		HideSolutionNode = FALSE
	EndGlobalSection
	GlobalSection(ExtensibilityGlobals) = postSolution
		SolutionGuid = {2F08B4CE-A71A-4F41-8307-0B2EB6DCFDE1}
	EndGlobalSection
EndGlobal
